{
  "nodes": {
    "nixpkgs-unstable": {
      "locked": {
        "lastModified": 1667610399,
        "narHash": "sha256-XZd0f4ZWAY0QOoUSdiNWj/eFiKb4B9CJPtl9uO9SYY4=",
        "owner": "NixOS",
        "repo": "nixpkgs",
        "rev": "1dd8696f96db47156e1424a49578fe7dd4ce99a4",
        "type": "github"
      },
      "original": {
        "id": "nixpkgs",
        "ref": "nixpkgs-unstable",
        "type": "indirect"
      }
    },
    "root": {
      "inputs": {
        "nixpkgs-unstable": "nixpkgs-unstable"
      }
    }
  },
  "root": "root",
  "version": 7
}
